// !$*UTF8*$!
{
	archiveVersion = 1;
	classes = {
	};
	objectVersion = 77;
	objects = {

/* Begin PBXContainerItemProxy section */
		7B33A2182D66D924007DA4FA /* PBXContainerItemProxy */ = {
			isa = PBXContainerItemProxy;
			containerPortal = 7B33A1FD2D66D922007DA4FA /* Project object */;
			proxyType = 1;
			remoteGlobalIDString = 7B33A2042D66D922007DA4FA;
			remoteInfo = "WaveTrack-CS4605";
		};
		7B33A2222D66D924007DA4FA /* PBXContainerItemProxy */ = {
			isa = PBXContainerItemProxy;
			containerPortal = 7B33A1FD2D66D922007DA4FA /* Project object */;
			proxyType = 1;
			remoteGlobalIDString = 7B33A2042D66D922007DA4FA;
			remoteInfo = "WaveTrack-CS4605";
		};
/* End PBXContainerItemProxy section */

/* Begin PBXFileReference section */
		7B33A2052D66D922007DA4FA /* WaveTrack-CS4605.app */ = {isa = PBXFileReference; explicitFileType = wrapper.application; includeInIndex = 0; path = "WaveTrack-CS4605.app"; sourceTree = BUILT_PRODUCTS_DIR; };
		7B33A2172D66D924007DA4FA /* WaveTrack-CS4605Tests.xctest */ = {isa = PBXFileReference; explicitFileType = wrapper.cfbundle; includeInIndex = 0; path = "WaveTrack-CS4605Tests.xctest"; sourceTree = BUILT_PRODUCTS_DIR; };
		7B33A2212D66D924007DA4FA /* WaveTrack-CS4605UITests.xctest */ = {isa = PBXFileReference; explicitFileType = wrapper.cfbundle; includeInIndex = 0; path = "WaveTrack-CS4605UITests.xctest"; sourceTree = BUILT_PRODUCTS_DIR; };
/* End PBXFileReference section */

/* Begin PBXFileSystemSynchronizedBuildFileExceptionSet section */
		7BCB809B2D72C93E008B4630 /* Exceptions for "WaveTrack-CS4605" folder in "WaveTrack-CS4605" target */ = {
			isa = PBXFileSystemSynchronizedBuildFileExceptionSet;
			membershipExceptions = (
				Info.plist,
			);
			target = 7B33A2042D66D922007DA4FA /* WaveTrack-CS4605 */;
		};
/* End PBXFileSystemSynchronizedBuildFileExceptionSet section */

/* Begin PBXFileSystemSynchronizedRootGroup section */
		7B33A2072D66D922007DA4FA /* WaveTrack-CS4605 */ = {
			isa = PBXFileSystemSynchronizedRootGroup;
			exceptions = (
				7BCB809B2D72C93E008B4630 /* Exceptions for "WaveTrack-CS4605" folder in "WaveTrack-CS4605" target */,
			);
			path = "WaveTrack-CS4605";
			sourceTree = "<group>";
		};
		7B33A21A2D66D924007DA4FA /* WaveTrack-CS4605Tests */ = {
			isa = PBXFileSystemSynchronizedRootGroup;
			path = "WaveTrack-CS4605Tests";
			sourceTree = "<group>";
		};
		7B33A2242D66D924007DA4FA /* WaveTrack-CS4605UITests */ = {
			isa = PBXFileSystemSynchronizedRootGroup;
			path = "WaveTrack-CS4605UITests";
			sourceTree = "<group>";
		};
		7BCB80A02D72CA64008B4630 /* Text */ = {
			isa = PBXFileSystemSynchronizedRootGroup;
			path = Text;
			sourceTree = "<group>";
		};
/* End PBXFileSystemSynchronizedRootGroup section */

/* Begin PBXFrameworksBuildPhase section */
		7B33A2022D66D922007DA4FA /* Frameworks */ = {
			isa = PBXFrameworksBuildPhase;
			buildActionMask = 2147483647;
			files = (
			);
			runOnlyForDeploymentPostprocessing = 0;
		};
		7B33A2142D66D924007DA4FA /* Frameworks */ = {
			isa = PBXFrameworksBuildPhase;
			buildActionMask = 2147483647;
			files = (
			);
			runOnlyForDeploymentPostprocessing = 0;
		};
		7B33A21E2D66D924007DA4FA /* Frameworks */ = {
			isa = PBXFrameworksBuildPhase;
			buildActionMask = 2147483647;
			files = (
			);
			runOnlyForDeploymentPostprocessing = 0;
		};
/* End PBXFrameworksBuildPhase section */

/* Begin PBXGroup section */
		7B33A1FC2D66D922007DA4FA = {
			isa = PBXGroup;
			children = (
				7BCB80A02D72CA64008B4630 /* Text */,
				7B33A2072D66D922007DA4FA /* WaveTrack-CS4605 */,
				7B33A21A2D66D924007DA4FA /* WaveTrack-CS4605Tests */,
				7B33A2242D66D924007DA4FA /* WaveTrack-CS4605UITests */,
				7B33A2062D66D922007DA4FA /* Products */,
			);
			sourceTree = "<group>";
		};
		7B33A2062D66D922007DA4FA /* Products */ = {
			isa = PBXGroup;
			children = (
				7B33A2052D66D922007DA4FA /* WaveTrack-CS4605.app */,
				7B33A2172D66D924007DA4FA /* WaveTrack-CS4605Tests.xctest */,
				7B33A2212D66D924007DA4FA /* WaveTrack-CS4605UITests.xctest */,
			);
			name = Products;
			sourceTree = "<group>";
		};
/* End PBXGroup section */

/* Begin PBXNativeTarget section */
		7B33A2042D66D922007DA4FA /* WaveTrack-CS4605 */ = {
			isa = PBXNativeTarget;
			buildConfigurationList = 7B33A22B2D66D924007DA4FA /* Build configuration list for PBXNativeTarget "WaveTrack-CS4605" */;
			buildPhases = (
				7B33A2012D66D922007DA4FA /* Sources */,
				7B33A2022D66D922007DA4FA /* Frameworks */,
				7B33A2032D66D922007DA4FA /* Resources */,
			);
			buildRules = (
			);
			dependencies = (
			);
			fileSystemSynchronizedGroups = (
				7B33A2072D66D922007DA4FA /* WaveTrack-CS4605 */,
				7BCB80A02D72CA64008B4630 /* Text */,
			);
			name = "WaveTrack-CS4605";
			packageProductDependencies = (
			);
			productName = "WaveTrack-CS4605";
			productReference = 7B33A2052D66D922007DA4FA /* WaveTrack-CS4605.app */;
			productType = "com.apple.product-type.application";
		};
		7B33A2162D66D924007DA4FA /* WaveTrack-CS4605Tests */ = {
			isa = PBXNativeTarget;
			buildConfigurationList = 7B33A22E2D66D924007DA4FA /* Build configuration list for PBXNativeTarget "WaveTrack-CS4605Tests" */;
			buildPhases = (
				7B33A2132D66D924007DA4FA /* Sources */,
				7B33A2142D66D924007DA4FA /* Frameworks */,
				7B33A2152D66D924007DA4FA /* Resources */,
			);
			buildRules = (
			);
			dependencies = (
				7B33A2192D66D924007DA4FA /* PBXTargetDependency */,
			);
			fileSystemSynchronizedGroups = (
				7B33A21A2D66D924007DA4FA /* WaveTrack-CS4605Tests */,
			);
			name = "WaveTrack-CS4605Tests";
			packageProductDependencies = (
			);
			productName = "WaveTrack-CS4605Tests";
			productReference = 7B33A2172D66D924007DA4FA /* WaveTrack-CS4605Tests.xctest */;
			productType = "com.apple.product-type.bundle.unit-test";
		};
		7B33A2202D66D924007DA4FA /* WaveTrack-CS4605UITests */ = {
			isa = PBXNativeTarget;
			buildConfigurationList = 7B33A2312D66D924007DA4FA /* Build configuration list for PBXNativeTarget "WaveTrack-CS4605UITests" */;
			buildPhases = (
				7B33A21D2D66D924007DA4FA /* Sources */,
				7B33A21E2D66D924007DA4FA /* Frameworks */,
				7B33A21F2D66D924007DA4FA /* Resources */,
			);
			buildRules = (
			);
			dependencies = (
				7B33A2232D66D924007DA4FA /* PBXTargetDependency */,
			);
			fileSystemSynchronizedGroups = (
				7B33A2242D66D924007DA4FA /* WaveTrack-CS4605UITests */,
			);
			name = "WaveTrack-CS4605UITests";
			packageProductDependencies = (
			);
			productName = "WaveTrack-CS4605UITests";
			productReference = 7B33A2212D66D924007DA4FA /* WaveTrack-CS4605UITests.xctest */;
			productType = "com.apple.product-type.bundle.ui-testing";
		};
/* End PBXNativeTarget section */

/* Begin PBXProject section */
		7B33A1FD2D66D922007DA4FA /* Project object */ = {
			isa = PBXProject;
			attributes = {
				BuildIndependentTargetsInParallel = 1;
				LastSwiftUpdateCheck = 1620;
				LastUpgradeCheck = 1620;
				TargetAttributes = {
					7B33A2042D66D922007DA4FA = {
						CreatedOnToolsVersion = 16.2;
					};
					7B33A2162D66D924007DA4FA = {
						CreatedOnToolsVersion = 16.2;
						TestTargetID = 7B33A2042D66D922007DA4FA;
					};
					7B33A2202D66D924007DA4FA = {
						CreatedOnToolsVersion = 16.2;
						TestTargetID = 7B33A2042D66D922007DA4FA;
					};
				};
			};
			buildConfigurationList = 7B33A2002D66D922007DA4FA /* Build configuration list for PBXProject "WaveTrack-CS4605" */;
			developmentRegion = en;
			hasScannedForEncodings = 0;
			knownRegions = (
				en,
				Base,
			);
			mainGroup = 7B33A1FC2D66D922007DA4FA;
			minimizedProjectReferenceProxies = 1;
			preferredProjectObjectVersion = 77;
			productRefGroup = 7B33A2062D66D922007DA4FA /* Products */;
			projectDirPath = "";
			projectRoot = "";
			targets = (
				7B33A2042D66D922007DA4FA /* WaveTrack-CS4605 */,
				7B33A2162D66D924007DA4FA /* WaveTrack-CS4605Tests */,
				7B33A2202D66D924007DA4FA /* WaveTrack-CS4605UITests */,
			);
		};
/* End PBXProject section */

/* Begin PBXResourcesBuildPhase section */
		7B33A2032D66D922007DA4FA /* Resources */ = {
			isa = PBXResourcesBuildPhase;
			buildActionMask = 2147483647;
			files = (
			);
			runOnlyForDeploymentPostprocessing = 0;
		};
		7B33A2152D66D924007DA4FA /* Resources */ = {
			isa = PBXResourcesBuildPhase;
			buildActionMask = 2147483647;
			files = (
			);
			runOnlyForDeploymentPostprocessing = 0;
		};
		7B33A21F2D66D924007DA4FA /* Resources */ = {
			isa = PBXResourcesBuildPhase;
			buildActionMask = 2147483647;
			files = (
			);
			runOnlyForDeploymentPostprocessing = 0;
		};
/* End PBXResourcesBuildPhase section */

/* Begin PBXSourcesBuildPhase section */
		7B33A2012D66D922007DA4FA /* Sources */ = {
			isa = PBXSourcesBuildPhase;
			buildActionMask = 2147483647;
			files = (
			);
			runOnlyForDeploymentPostprocessing = 0;
		};
		7B33A2132D66D924007DA4FA /* Sources */ = {
			isa = PBXSourcesBuildPhase;
			buildActionMask = 2147483647;
			files = (
			);
			runOnlyForDeploymentPostprocessing = 0;
		};
		7B33A21D2D66D924007DA4FA /* Sources */ = {
			isa = PBXSourcesBuildPhase;
			buildActionMask = 2147483647;
			files = (
			);
			runOnlyForDeploymentPostprocessing = 0;
		};
/* End PBXSourcesBuildPhase section */

/* Begin PBXTargetDependency section */
		7B33A2192D66D924007DA4FA /* PBXTargetDependency */ = {
			isa = PBXTargetDependency;
			target = 7B33A2042D66D922007DA4FA /* WaveTrack-CS4605 */;
			targetProxy = 7B33A2182D66D924007DA4FA /* PBXContainerItemProxy */;
		};
		7B33A2232D66D924007DA4FA /* PBXTargetDependency */ = {
			isa = PBXTargetDependency;
			target = 7B33A2042D66D922007DA4FA /* WaveTrack-CS4605 */;
			targetProxy = 7B33A2222D66D924007DA4FA /* PBXContainerItemProxy */;
		};
/* End PBXTargetDependency section */

/* Begin XCBuildConfiguration section */
		7B33A2292D66D924007DA4FA /* Debug */ = {
			isa = XCBuildConfiguration;
			buildSettings = {
				ALWAYS_SEARCH_USER_PATHS = NO;
				ASSETCATALOG_COMPILER_GENERATE_SWIFT_ASSET_SYMBOL_EXTENSIONS = YES;
				CLANG_ANALYZER_NONNULL = YES;
				CLANG_ANALYZER_NUMBER_OBJECT_CONVERSION = YES_AGGRESSIVE;
				CLANG_CXX_LANGUAGE_STANDARD = "gnu++20";
				CLANG_ENABLE_MODULES = YES;
				CLANG_ENABLE_OBJC_ARC = YES;
				CLANG_ENABLE_OBJC_WEAK = YES;
				CLANG_WARN_BLOCK_CAPTURE_AUTORELEASING = YES;
				CLANG_WARN_BOOL_CONVERSION = YES;
				CLANG_WARN_COMMA = YES;
				CLANG_WARN_CONSTANT_CONVERSION = YES;
				CLANG_WARN_DEPRECATED_OBJC_IMPLEMENTATIONS = YES;
				CLANG_WARN_DIRECT_OBJC_ISA_USAGE = YES_ERROR;
				CLANG_WARN_DOCUMENTATION_COMMENTS = YES;
				CLANG_WARN_EMPTY_BODY = YES;
				CLANG_WARN_ENUM_CONVERSION = YES;
				CLANG_WARN_INFINITE_RECURSION = YES;
				CLANG_WARN_INT_CONVERSION = YES;
				CLANG_WARN_NON_LITERAL_NULL_CONVERSION = YES;
				CLANG_WARN_OBJC_IMPLICIT_RETAIN_SELF = YES;
				CLANG_WARN_OBJC_LITERAL_CONVERSION = YES;
				CLANG_WARN_OBJC_ROOT_CLASS = YES_ERROR;
				CLANG_WARN_QUOTED_INCLUDE_IN_FRAMEWORK_HEADER = YES;
				CLANG_WARN_RANGE_LOOP_ANALYSIS = YES;
				CLANG_WARN_STRICT_PROTOTYPES = YES;
				CLANG_WARN_SUSPICIOUS_MOVE = YES;
				CLANG_WARN_UNGUARDED_AVAILABILITY = YES_AGGRESSIVE;
				CLANG_WARN_UNREACHABLE_CODE = YES;
				CLANG_WARN__DUPLICATE_METHOD_MATCH = YES;
				COPY_PHASE_STRIP = NO;
				DEBUG_INFORMATION_FORMAT = dwarf;
				ENABLE_STRICT_OBJC_MSGSEND = YES;
				ENABLE_TESTABILITY = YES;
				ENABLE_USER_SCRIPT_SANDBOXING = YES;
				GCC_C_LANGUAGE_STANDARD = gnu17;
				GCC_DYNAMIC_NO_PIC = NO;
				GCC_NO_COMMON_BLOCKS = YES;
				GCC_OPTIMIZATION_LEVEL = 0;
				GCC_PREPROCESSOR_DEFINITIONS = (
					"DEBUG=1",
					"$(inherited)",
				);
				GCC_WARN_64_TO_32_BIT_CONVERSION = YES;
				GCC_WARN_ABOUT_RETURN_TYPE = YES_ERROR;
				GCC_WARN_UNDECLARED_SELECTOR = YES;
				GCC_WARN_UNINITIALIZED_AUTOS = YES_AGGRESSIVE;
				GCC_WARN_UNUSED_FUNCTION = YES;
				GCC_WARN_UNUSED_VARIABLE = YES;
				IPHONEOS_DEPLOYMENT_TARGET = 18.2;
				LOCALIZATION_PREFERS_STRING_CATALOGS = YES;
				MTL_ENABLE_DEBUG_INFO = INCLUDE_SOURCE;
				MTL_FAST_MATH = YES;
				ONLY_ACTIVE_ARCH = YES;
				SDKROOT = iphoneos;
				SWIFT_ACTIVE_COMPILATION_CONDITIONS = "DEBUG $(inherited)";
				SWIFT_OPTIMIZATION_LEVEL = "-Onone";
			};
			name = Debug;
		};
		7B33A22A2D66D924007DA4FA /* Release */ = {
			isa = XCBuildConfiguration;
			buildSettings = {
				ALWAYS_SEARCH_USER_PATHS = NO;
				ASSETCATALOG_COMPILER_GENERATE_SWIFT_ASSET_SYMBOL_EXTENSIONS = YES;
				CLANG_ANALYZER_NONNULL = YES;
				CLANG_ANALYZER_NUMBER_OBJECT_CONVERSION = YES_AGGRESSIVE;
				CLANG_CXX_LANGUAGE_STANDARD = "gnu++20";
				CLANG_ENABLE_MODULES = YES;
				CLANG_ENABLE_OBJC_ARC = YES;
				CLANG_ENABLE_OBJC_WEAK = YES;
				CLANG_WARN_BLOCK_CAPTURE_AUTORELEASING = YES;
				CLANG_WARN_BOOL_CONVERSION = YES;
				CLANG_WARN_COMMA = YES;
				CLANG_WARN_CONSTANT_CONVERSION = YES;
				CLANG_WARN_DEPRECATED_OBJC_IMPLEMENTATIONS = YES;
				CLANG_WARN_DIRECT_OBJC_ISA_USAGE = YES_ERROR;
				CLANG_WARN_DOCUMENTATION_COMMENTS = YES;
				CLANG_WARN_EMPTY_BODY = YES;
				CLANG_WARN_ENUM_CONVERSION = YES;
				CLANG_WARN_INFINITE_RECURSION = YES;
				CLANG_WARN_INT_CONVERSION = YES;
				CLANG_WARN_NON_LITERAL_NULL_CONVERSION = YES;
				CLANG_WARN_OBJC_IMPLICIT_RETAIN_SELF = YES;
				CLANG_WARN_OBJC_LITERAL_CONVERSION = YES;
				CLANG_WARN_OBJC_ROOT_CLASS = YES_ERROR;
				CLANG_WARN_QUOTED_INCLUDE_IN_FRAMEWORK_HEADER = YES;
				CLANG_WARN_RANGE_LOOP_ANALYSIS = YES;
				CLANG_WARN_STRICT_PROTOTYPES = YES;
				CLANG_WARN_SUSPICIOUS_MOVE = YES;
				CLANG_WARN_UNGUARDED_AVAILABILITY = YES_AGGRESSIVE;
				CLANG_WARN_UNREACHABLE_CODE = YES;
				CLANG_WARN__DUPLICATE_METHOD_MATCH = YES;
				COPY_PHASE_STRIP = NO;
				DEBUG_INFORMATION_FORMAT = "dwarf-with-dsym";
				ENABLE_NS_ASSERTIONS = NO;
				ENABLE_STRICT_OBJC_MSGSEND = YES;
				ENABLE_USER_SCRIPT_SANDBOXING = YES;
				GCC_C_LANGUAGE_STANDARD = gnu17;
				GCC_NO_COMMON_BLOCKS = YES;
				GCC_WARN_64_TO_32_BIT_CONVERSION = YES;
				GCC_WARN_ABOUT_RETURN_TYPE = YES_ERROR;
				GCC_WARN_UNDECLARED_SELECTOR = YES;
				GCC_WARN_UNINITIALIZED_AUTOS = YES_AGGRESSIVE;
				GCC_WARN_UNUSED_FUNCTION = YES;
				GCC_WARN_UNUSED_VARIABLE = YES;
				IPHONEOS_DEPLOYMENT_TARGET = 18.2;
				LOCALIZATION_PREFERS_STRING_CATALOGS = YES;
				MTL_ENABLE_DEBUG_INFO = NO;
				MTL_FAST_MATH = YES;
				SDKROOT = iphoneos;
				SWIFT_COMPILATION_MODE = wholemodule;
				VALIDATE_PRODUCT = YES;
			};
			name = Release;
		};
		7B33A22C2D66D924007DA4FA /* Debug */ = {
			isa = XCBuildConfiguration;
			buildSettings = {
				ASSETCATALOG_COMPILER_APPICON_NAME = AppIcon;
				ASSETCATALOG_COMPILER_GLOBAL_ACCENT_COLOR_NAME = AccentColor;
				CODE_SIGN_STYLE = Automatic;
				CURRENT_PROJECT_VERSION = 1;
				DEVELOPMENT_ASSET_PATHS = "\"WaveTrack-CS4605/Preview Content\"";
				DEVELOPMENT_TEAM = 236L7HBLZN;
				ENABLE_PREVIEWS = YES;
				GENERATE_INFOPLIST_FILE = YES;
				INFOPLIST_FILE = "WaveTrack-CS4605/Info.plist";
				INFOPLIST_KEY_UIApplicationSceneManifest_Generation = YES;
				INFOPLIST_KEY_UIApplicationSupportsIndirectInputEvents = YES;
				INFOPLIST_KEY_UILaunchScreen_Generation = YES;
				INFOPLIST_KEY_UISupportedInterfaceOrientations_iPad = "UIInterfaceOrientationPortrait UIInterfaceOrientationPortraitUpsideDown UIInterfaceOrientationLandscapeLeft UIInterfaceOrientationLandscapeRight";
				INFOPLIST_KEY_UISupportedInterfaceOrientations_iPhone = "UIInterfaceOrientationPortrait UIInterfaceOrientationLandscapeLeft UIInterfaceOrientationLandscapeRight";
				LD_RUNPATH_SEARCH_PATHS = (
					"$(inherited)",
					"@executable_path/Frameworks",
				);
				MARKETING_VERSION = 1.0;
				PRODUCT_BUNDLE_IDENTIFIER = "WaveTrack-CS4605.WaveTrack-CS4605";
				PRODUCT_NAME = "$(TARGET_NAME)";
				SWIFT_EMIT_LOC_STRINGS = YES;
				SWIFT_VERSION = 5.0;
				TARGETED_DEVICE_FAMILY = "1,2";
			};
			name = Debug;
		};
		7B33A22D2D66D924007DA4FA /* Release */ = {
			isa = XCBuildConfiguration;
			buildSettings = {
				ASSETCATALOG_COMPILER_APPICON_NAME = AppIcon;
				ASSETCATALOG_COMPILER_GLOBAL_ACCENT_COLOR_NAME = AccentColor;
				CODE_SIGN_STYLE = Automatic;
				CURRENT_PROJECT_VERSION = 1;
				DEVELOPMENT_ASSET_PATHS = "\"WaveTrack-CS4605/Preview Content\"";
				DEVELOPMENT_TEAM = 236L7HBLZN;
				ENABLE_PREVIEWS = YES;
				GENERATE_INFOPLIST_FILE = YES;
				INFOPLIST_FILE = "WaveTrack-CS4605/Info.plist";
				INFOPLIST_KEY_UIApplicationSceneManifest_Generation = YES;
				INFOPLIST_KEY_UIApplicationSupportsIndirectInputEvents = YES;
				INFOPLIST_KEY_UILaunchScreen_Generation = YES;
				INFOPLIST_KEY_UISupportedInterfaceOrientations_iPad = "UIInterfaceOrientationPortrait UIInterfaceOrientationPortraitUpsideDown UIInterfaceOrientationLandscapeLeft UIInterfaceOrientationLandscapeRight";
				INFOPLIST_KEY_UISupportedInterfaceOrientations_iPhone = "UIInterfaceOrientationPortrait UIInterfaceOrientationLandscapeLeft UIInterfaceOrientationLandscapeRight";
				LD_RUNPATH_SEARCH_PATHS = (
					"$(inherited)",
					"@executable_path/Frameworks",
				);
				MARKETING_VERSION = 1.0;
				PRODUCT_BUNDLE_IDENTIFIER = "WaveTrack-CS4605.WaveTrack-CS4605";
				PRODUCT_NAME = "$(TARGET_NAME)";
				SWIFT_EMIT_LOC_STRINGS = YES;
				SWIFT_VERSION = 5.0;
				TARGETED_DEVICE_FAMILY = "1,2";
			};
			name = Release;
		};
		7B33A22F2D66D924007DA4FA /* Debug */ = {
			isa = XCBuildConfiguration;
			buildSettings = {
				BUNDLE_LOADER = "$(TEST_HOST)";
				CODE_SIGN_STYLE = Automatic;
				CURRENT_PROJECT_VERSION = 1;
				GENERATE_INFOPLIST_FILE = YES;
				IPHONEOS_DEPLOYMENT_TARGET = 18.2;
				MARKETING_VERSION = 1.0;
				PRODUCT_BUNDLE_IDENTIFIER = "WaveTrack-CS4605.WaveTrack-CS4605Tests";
				PRODUCT_NAME = "$(TARGET_NAME)";
				SWIFT_EMIT_LOC_STRINGS = NO;
				SWIFT_VERSION = 5.0;
				TARGETED_DEVICE_FAMILY = "1,2";
				TEST_HOST = "$(BUILT_PRODUCTS_DIR)/WaveTrack-CS4605.app/$(BUNDLE_EXECUTABLE_FOLDER_PATH)/WaveTrack-CS4605";
			};
			name = Debug;
		};
		7B33A2302D66D924007DA4FA /* Release */ = {
			isa = XCBuildConfiguration;
			buildSettings = {
				BUNDLE_LOADER = "$(TEST_HOST)";
				CODE_SIGN_STYLE = Automatic;
				CURRENT_PROJECT_VERSION = 1;
				GENERATE_INFOPLIST_FILE = YES;
				IPHONEOS_DEPLOYMENT_TARGET = 18.2;
				MARKETING_VERSION = 1.0;
				PRODUCT_BUNDLE_IDENTIFIER = "WaveTrack-CS4605.WaveTrack-CS4605Tests";
				PRODUCT_NAME = "$(TARGET_NAME)";
				SWIFT_EMIT_LOC_STRINGS = NO;
				SWIFT_VERSION = 5.0;
				TARGETED_DEVICE_FAMILY = "1,2";
				TEST_HOST = "$(BUILT_PRODUCTS_DIR)/WaveTrack-CS4605.app/$(BUNDLE_EXECUTABLE_FOLDER_PATH)/WaveTrack-CS4605";
			};
			name = Release;
		};
		7B33A2322D66D924007DA4FA /* Debug */ = {
			isa = XCBuildConfiguration;
			buildSettings = {
				CODE_SIGN_STYLE = Automatic;
				CURRENT_PROJECT_VERSION = 1;
				GENERATE_INFOPLIST_FILE = YES;
				MARKETING_VERSION = 1.0;
				PRODUCT_BUNDLE_IDENTIFIER = "WaveTrack-CS4605.WaveTrack-CS4605UITests";
				PRODUCT_NAME = "$(TARGET_NAME)";
				SWIFT_EMIT_LOC_STRINGS = NO;
				SWIFT_VERSION = 5.0;
				TARGETED_DEVICE_FAMILY = "1,2";
				TEST_TARGET_NAME = "WaveTrack-CS4605";
			};
			name = Debug;
		};
		7B33A2332D66D924007DA4FA /* Release */ = {
			isa = XCBuildConfiguration;
			buildSettings = {
				CODE_SIGN_STYLE = Automatic;
				CURRENT_PROJECT_VERSION = 1;
				GENERATE_INFOPLIST_FILE = YES;
				MARKETING_VERSION = 1.0;
				PRODUCT_BUNDLE_IDENTIFIER = "WaveTrack-CS4605.WaveTrack-CS4605UITests";
				PRODUCT_NAME = "$(TARGET_NAME)";
				SWIFT_EMIT_LOC_STRINGS = NO;
				SWIFT_VERSION = 5.0;
				TARGETED_DEVICE_FAMILY = "1,2";
				TEST_TARGET_NAME = "WaveTrack-CS4605";
			};
			name = Release;
		};
/* End XCBuildConfiguration section */

/* Begin XCConfigurationList section */
		7B33A2002D66D922007DA4FA /* Build configuration list for PBXProject "WaveTrack-CS4605" */ = {
			isa = XCConfigurationList;
			buildConfigurations = (
				7B33A2292D66D924007DA4FA /* Debug */,
				7B33A22A2D66D924007DA4FA /* Release */,
			);
			defaultConfigurationIsVisible = 0;
			defaultConfigurationName = Release;
		};
		7B33A22B2D66D924007DA4FA /* Build configuration list for PBXNativeTarget "WaveTrack-CS4605" */ = {
			isa = XCConfigurationList;
			buildConfigurations = (
				7B33A22C2D66D924007DA4FA /* Debug */,
				7B33A22D2D66D924007DA4FA /* Release */,
			);
			defaultConfigurationIsVisible = 0;
			defaultConfigurationName = Release;
		};
		7B33A22E2D66D924007DA4FA /* Build configuration list for PBXNativeTarget "WaveTrack-CS4605Tests" */ = {
			isa = XCConfigurationList;
			buildConfigurations = (
				7B33A22F2D66D924007DA4FA /* Debug */,
				7B33A2302D66D924007DA4FA /* Release */,
			);
			defaultConfigurationIsVisible = 0;
			defaultConfigurationName = Release;
		};
		7B33A2312D66D924007DA4FA /* Build configuration list for PBXNativeTarget "WaveTrack-CS4605UITests" */ = {
			isa = XCConfigurationList;
			buildConfigurations = (
				7B33A2322D66D924007DA4FA /* Debug */,
				7B33A2332D66D924007DA4FA /* Release */,
			);
			defaultConfigurationIsVisible = 0;
			defaultConfigurationName = Release;
		};
/* End XCConfigurationList section */
	};
	rootObject = 7B33A1FD2D66D922007DA4FA /* Project object */;
}
